{
  "version": 4,
  "terraform_version": "1.5.2",
  "serial": 191,
  "lineage": "48cc43bf-36a0-ed67-6605-05e3f92c4b6f",
  "outputs": {},
  "resources": [
    {
      "module": "module.EKS",
      "mode": "data",
      "type": "aws_iam_role",
      "name": "rol_cluster",
      "provider": "provider[\"registry.terraform.io/hashicorp/aws\"]",
      "instances": [
        {
          "schema_version": 0,
          "attributes": {
            "arn": "arn:aws:iam::718155865387:role/EKS-Cluster-role",
            "assume_role_policy": "{\"Version\":\"2012-10-17\",\"Statement\":[{\"Effect\":\"Allow\",\"Principal\":{\"Service\":\"eks.amazonaws.com\"},\"Action\":\"sts:AssumeRole\"}]}",
            "create_date": "2023-06-17T15:24:16Z",
            "description": "Allows access to other AWS service resources that are required to operate clusters managed by EKS.",
            "id": "EKS-Cluster-role",
            "max_session_duration": 3600,
            "name": "EKS-Cluster-role",
            "path": "/",
            "permissions_boundary": "",
            "role_last_used": [
              {
                "last_used_date": "2023-08-24T23:16:01Z",
                "region": "us-east-1"
              }
            ],
            "tags": {},
            "unique_id": "AROA2ONLM3UVZV7ASY4LL"
          },
          "sensitive_attributes": []
        }
      ]
    },
    {
      "module": "module.EKS",
      "mode": "data",
      "type": "aws_iam_role",
      "name": "rol_nodegroup",
      "provider": "provider[\"registry.terraform.io/hashicorp/aws\"]",
      "instances": [
        {
          "schema_version": 0,
          "attributes": {
            "arn": "arn:aws:iam::718155865387:role/EKSNodeRole",
            "assume_role_policy": "{\"Version\":\"2012-10-17\",\"Statement\":[{\"Effect\":\"Allow\",\"Principal\":{\"Service\":\"ec2.amazonaws.com\"},\"Action\":\"sts:AssumeRole\"}]}",
            "create_date": "2023-06-19T15:04:51Z",
            "description": "Allows EC2 instances to call AWS services on your behalf.",
            "id": "EKSNodeRole",
            "max_session_duration": 3600,
            "name": "EKSNodeRole",
            "path": "/",
            "permissions_boundary": "",
            "role_last_used": [
              {
                "last_used_date": "2023-08-24T23:09:10Z",
                "region": "us-east-1"
              }
            ],
            "tags": {},
            "unique_id": "AROA2ONLM3UV7HXY7ECWS"
          },
          "sensitive_attributes": []
        }
      ]
    },
    {
      "module": "module.EKS",
      "mode": "data",
      "type": "aws_subnets",
      "name": "eks_subnets",
      "provider": "provider[\"registry.terraform.io/hashicorp/aws\"]",
      "instances": [
        {
          "schema_version": 0,
          "attributes": {
            "filter": [
              {
                "name": "tag:Name",
                "values": [
                  "Private-EKS-01",
                  "Private-EKS-02"
                ]
              }
            ],
            "id": "us-east-1",
            "ids": [
              "subnet-00743cf49e23d1940",
              "subnet-0bfa63f8d25da2077"
            ],
            "tags": null,
            "timeouts": null
          },
          "sensitive_attributes": []
        }
      ]
    },
    {
      "module": "module.EKS",
      "mode": "managed",
      "type": "aws_eks_cluster",
      "name": "eks-cluster-test",
      "provider": "provider[\"registry.terraform.io/hashicorp/aws\"]",
      "instances": [
        {
          "schema_version": 0,
          "attributes": {
            "arn": "arn:aws:eks:us-east-1:718155865387:cluster/eks-cluster-test",
            "certificate_authority": [
              {
                "data": "LS0tLS1CRUdJTiBDRVJUSUZJQ0FURS0tLS0tCk1JSURCVENDQWUyZ0F3SUJBZ0lJRTA5UDZ2bG5PNjh3RFFZSktvWklodmNOQVFFTEJRQXdGVEVUTUJFR0ExVUUKQXhNS2EzVmlaWEp1WlhSbGN6QWVGdzB5TXpBNU1USXhORFV5TkRoYUZ3MHpNekE1TURreE5EVXlORGhhTUJVeApFekFSQmdOVkJBTVRDbXQxWW1WeWJtVjBaWE13Z2dFaU1BMEdDU3FHU0liM0RRRUJBUVVBQTRJQkR3QXdnZ0VLCkFvSUJBUURqWGtKR2hjbWpuUWhva3l2UlgzTmcvaUFVb2tpQzU5YkRNNU1RK1daT0kvVEtFU3BVYUg3VjZsUkoKbVNuWHVjVjRseHU1ZmI4UDJNclhvMHd5S25tQklTQTRqcG5kT2lybUwySWVvZHZQTHVJSXo5bzJQUlpCeDhnNwppY1hUL0hLVS9zeUdHdkJlL1UvVUdWTTNacjltT1pFOWJNbFZOdW1LcnhhS21FZ2h1WXZmWm4wWDhZbEQ4eE9NCk5GWVNDUTFIREl2eFlMQUtqcjRKMEJEaXpGUFovNHVRSy9LamxxV0dWWXpsMVhnejNldGJ0WWljR1o3L1dKUUkKK25LVXJMNmNlMmxWSjFJWGMwMjFSSS84RXlUaExudGFDYW1pQVZaa3FySklmU3hqYmliK1NmbHVlWG1xQ2xoQgpvOFVra0lDVEdudkVkSHI3Ky9WRG4yeHJxSm8vQWdNQkFBR2pXVEJYTUE0R0ExVWREd0VCL3dRRUF3SUNwREFQCkJnTlZIUk1CQWY4RUJUQURBUUgvTUIwR0ExVWREZ1FXQkJRTXRqOHd4MVJCTVp3c2UvdG16MWk3bWZ1QlF6QVYKQmdOVkhSRUVEakFNZ2dwcmRXSmxjbTVsZEdWek1BMEdDU3FHU0liM0RRRUJDd1VBQTRJQkFRQlFBT2w3ZW1segowR1BFUkkzbERsanFRQldZdXlVdGMzdGR4YU11RzQ2ZjJKSEs0N25jSVFWS3NDem1NWERlakNTYVo3ZHZXNkxtCkZmVjg0Y0k0bDhLS0xFSUx6UUJhK3l1TVZaYUVzZyt2TDhNYTZVejNqYUdVS215OUJCTWE1Z1RCdTgyWFdxeVIKQTZrdGg5VDZJMjZTeHR4SlUyWGtaczA0TURiOWVOa0FheU40VWUzeEROZHBqeEJPQ3J0R2l0VnNCaU5wUGJGTApVQ1QrdUlpYXBlVElMMzB1eVV1VGNPbDhvSHBIaTV0S2duOVRZYnJRMEZUQlJ4d2JYcUVLQTlqcE02eW50cFNPCkFsS0hZVTl4cVVoOG5qK0VTU3BSODBzUFJNem53YkU3aENBSnRldzJ5S004V0tGdG5Xd0J0Qjh4SEpqekZJSXoKSENETy9aTjFLMXhwCi0tLS0tRU5EIENFUlRJRklDQVRFLS0tLS0K"
              }
            ],
            "cluster_id": null,
            "created_at": "2023-09-12 14:48:06.17 +0000 UTC",
            "enabled_cluster_log_types": null,
            "encryption_config": [],
            "endpoint": "https://8C21DD0A3DB1D0001231F81FE8049D40.gr7.us-east-1.eks.amazonaws.com",
            "id": "eks-cluster-test",
            "identity": [
              {
                "oidc": [
                  {
                    "issuer": "https://oidc.eks.us-east-1.amazonaws.com/id/8C21DD0A3DB1D0001231F81FE8049D40"
                  }
                ]
              }
            ],
            "kubernetes_network_config": [
              {
                "ip_family": "ipv4",
                "service_ipv4_cidr": "172.20.0.0/16",
                "service_ipv6_cidr": ""
              }
            ],
            "name": "eks-cluster-test",
            "outpost_config": [],
            "platform_version": "eks.5",
            "role_arn": "arn:aws:iam::718155865387:role/EKS-Cluster-role",
            "status": "ACTIVE",
            "tags": null,
            "tags_all": {},
            "timeouts": null,
            "version": "1.27",
            "vpc_config": [
              {
                "cluster_security_group_id": "sg-086c8e4c8786a52c3",
                "endpoint_private_access": true,
                "endpoint_public_access": false,
                "public_access_cidrs": [],
                "security_group_ids": [
                  "sg-041953ae6c7162e30"
                ],
                "subnet_ids": [
                  "subnet-00743cf49e23d1940",
                  "subnet-0bfa63f8d25da2077"
                ],
                "vpc_id": "vpc-007a903d1727e4667"
              }
            ]
          },
          "sensitive_attributes": [],
          "private": "eyJlMmJmYjczMC1lY2FhLTExZTYtOGY4OC0zNDM2M2JjN2M0YzAiOnsiY3JlYXRlIjoxODAwMDAwMDAwMDAwLCJkZWxldGUiOjkwMDAwMDAwMDAwMCwidXBkYXRlIjozNjAwMDAwMDAwMDAwfX0=",
          "dependencies": [
            "module.EKS.data.aws_iam_role.rol_cluster",
            "module.EKS.data.aws_subnets.eks_subnets"
          ]
        }
      ]
    },
    {
      "module": "module.EKS",
      "mode": "managed",
      "type": "aws_eks_node_group",
      "name": "node01",
      "provider": "provider[\"registry.terraform.io/hashicorp/aws\"]",
      "instances": [
        {
          "schema_version": 0,
          "attributes": {
            "ami_type": "AL2_x86_64",
            "arn": "arn:aws:eks:us-east-1:718155865387:nodegroup/eks-cluster-test/Nodeo1/dcc544f3-2743-cd3d-7602-9f39ddfbb4cc",
            "capacity_type": "ON_DEMAND",
            "cluster_name": "eks-cluster-test",
            "disk_size": 20,
            "force_update_version": null,
            "id": "eks-cluster-test:Nodeo1",
            "instance_types": [
              "t3.small"
            ],
            "labels": null,
            "launch_template": [],
            "node_group_name": "Nodeo1",
            "node_group_name_prefix": "",
            "node_role_arn": "arn:aws:iam::718155865387:role/EKSNodeRole",
            "release_version": "1.27.4-20230825",
            "remote_access": [],
            "resources": [
              {
                "autoscaling_groups": [
                  {
                    "name": "eks-Nodeo1-dcc544f3-2743-cd3d-7602-9f39ddfbb4cc"
                  }
                ],
                "remote_access_security_group_id": ""
              }
            ],
            "scaling_config": [
              {
                "desired_size": 1,
                "max_size": 1,
                "min_size": 1
              }
            ],
            "status": "ACTIVE",
            "subnet_ids": [
              "subnet-00743cf49e23d1940",
              "subnet-0bfa63f8d25da2077"
            ],
            "tags": null,
            "tags_all": {},
            "taint": [],
            "timeouts": null,
            "update_config": [
              {
                "max_unavailable": 1,
                "max_unavailable_percentage": 0
              }
            ],
            "version": "1.27"
          },
          "sensitive_attributes": [],
          "private": "eyJlMmJmYjczMC1lY2FhLTExZTYtOGY4OC0zNDM2M2JjN2M0YzAiOnsiY3JlYXRlIjozNjAwMDAwMDAwMDAwLCJkZWxldGUiOjM2MDAwMDAwMDAwMDAsInVwZGF0ZSI6MzYwMDAwMDAwMDAwMH19",
          "dependencies": [
            "module.EKS.aws_eks_cluster.eks-cluster-test",
            "module.EKS.data.aws_iam_role.rol_cluster",
            "module.EKS.data.aws_iam_role.rol_nodegroup",
            "module.EKS.data.aws_subnets.eks_subnets"
          ]
        }
      ]
    }
  ],
  "check_results": null
}
